
Microsoft Visual Studio Solution File, Format Version 12.00
# Visual Studio Version 16
VisualStudioVersion = 16.0.31702.278
MinimumVisualStudioVersion = 10.0.40219.1
Project("{FAE04EC0-301F-11D3-BF4B-00C04F79EFBC}") = "HastaneDb", "HastaneDb\HastaneDb.csproj", "{B7CAA4EF-68FF-4440-B886-FF8679CF9A04}"
EndProject
Global
	GlobalSection(SolutionConfigurationPlatforms) = preSolution
		Debug|Any CPU = Debug|Any CPU
		Release|Any CPU = Release|Any CPU
	EndGlobalSection
	GlobalSection(ProjectConfigurationPlatforms) = postSolution
		{B7CAA4EF-68FF-4440-B886-FF8679CF9A04}.Debug|Any CPU.ActiveCfg = Debug|Any CPU
		{B7CAA4EF-68FF-4440-B886-FF8679CF9A04}.Debug|Any CPU.Build.0 = Debug|Any CPU
		{B7CAA4EF-68FF-4440-B886-FF8679CF9A04}.Release|Any CPU.ActiveCfg = Release|Any CPU
		{B7CAA4EF-68FF-4440-B886-FF8679CF9A04}.Release|Any CPU.Build.0 = Release|Any CPU
	EndGlobalSection
	GlobalSection(SolutionProperties) = preSolution
		HideSolutionNode = FALSE
	EndGlobalSection
	GlobalSection(ExtensibilityGlobals) = postSolution
		SolutionGuid = {FEF56120-6C1B-4A21-B843-A7EEDD0E700C}
	EndGlobalSection
EndGlobal
